
Microsoft Visual Studio Solution File, Format Version 12.00
# Visual Studio Version 16
VisualStudioVersion = 16.0.29519.87
MinimumVisualStudioVersion = 10.0.40219.1
Project("{2150E333-8FDC-42A3-9474-1A3956D46DE8}") = "Presentation", "Presentation", "{7AF3AF94-1923-4614-AF82-167E25009082}"
EndProject
Project("{2150E333-8FDC-42A3-9474-1A3956D46DE8}") = "Core", "Core", "{D08B6BAA-7699-4BCC-A5C3-66614C58192D}"
EndProject
Project("{2150E333-8FDC-42A3-9474-1A3956D46DE8}") = "Infrastructure", "Infrastructure", "{785E99ED-EBE5-4994-94BE-FE17D0441D08}"
EndProject
Project("{FAE04EC0-301F-11D3-BF4B-00C04F79EFBC}") = "WebAPI", "WebAPI\WebAPI.csproj", "{CD2199DC-2AB9-41FA-A51C-6677A133EE61}"
EndProject
Project("{FAE04EC0-301F-11D3-BF4B-00C04F79EFBC}") = "Domain", "Domain\Domain.csproj", "{6700043F-300F-41AC-8E7E-F135A2AB487A}"
EndProject
Project("{FAE04EC0-301F-11D3-BF4B-00C04F79EFBC}") = "Application", "Application\Application.csproj", "{1ED86B99-8A28-48A2-AF41-C777537A49FB}"
EndProject
Project("{FAE04EC0-301F-11D3-BF4B-00C04F79EFBC}") = "Helpers", "Helper\Helpers.csproj", "{92DCABC7-E32F-4AF4-B8BE-DC0EC93B8274}"
EndProject
Project("{FAE04EC0-301F-11D3-BF4B-00C04F79EFBC}") = "Persistence", "Persistence\Persistence.csproj", "{CA20C282-9488-483B-A514-11C1FA1F7412}"
EndProject
Global
	GlobalSection(SolutionConfigurationPlatforms) = preSolution
		Debug|Any CPU = Debug|Any CPU
		Release|Any CPU = Release|Any CPU
	EndGlobalSection
	GlobalSection(ProjectConfigurationPlatforms) = postSolution
		{CD2199DC-2AB9-41FA-A51C-6677A133EE61}.Debug|Any CPU.ActiveCfg = Debug|Any CPU
		{CD2199DC-2AB9-41FA-A51C-6677A133EE61}.Debug|Any CPU.Build.0 = Debug|Any CPU
		{CD2199DC-2AB9-41FA-A51C-6677A133EE61}.Release|Any CPU.ActiveCfg = Release|Any CPU
		{CD2199DC-2AB9-41FA-A51C-6677A133EE61}.Release|Any CPU.Build.0 = Release|Any CPU
		{6700043F-300F-41AC-8E7E-F135A2AB487A}.Debug|Any CPU.ActiveCfg = Debug|Any CPU
		{6700043F-300F-41AC-8E7E-F135A2AB487A}.Debug|Any CPU.Build.0 = Debug|Any CPU
		{6700043F-300F-41AC-8E7E-F135A2AB487A}.Release|Any CPU.ActiveCfg = Release|Any CPU
		{6700043F-300F-41AC-8E7E-F135A2AB487A}.Release|Any CPU.Build.0 = Release|Any CPU
		{1ED86B99-8A28-48A2-AF41-C777537A49FB}.Debug|Any CPU.ActiveCfg = Debug|Any CPU
		{1ED86B99-8A28-48A2-AF41-C777537A49FB}.Debug|Any CPU.Build.0 = Debug|Any CPU
		{1ED86B99-8A28-48A2-AF41-C777537A49FB}.Release|Any CPU.ActiveCfg = Release|Any CPU
		{1ED86B99-8A28-48A2-AF41-C777537A49FB}.Release|Any CPU.Build.0 = Release|Any CPU
		{92DCABC7-E32F-4AF4-B8BE-DC0EC93B8274}.Debug|Any CPU.ActiveCfg = Debug|Any CPU
		{92DCABC7-E32F-4AF4-B8BE-DC0EC93B8274}.Debug|Any CPU.Build.0 = Debug|Any CPU
		{92DCABC7-E32F-4AF4-B8BE-DC0EC93B8274}.Release|Any CPU.ActiveCfg = Release|Any CPU
		{92DCABC7-E32F-4AF4-B8BE-DC0EC93B8274}.Release|Any CPU.Build.0 = Release|Any CPU
		{CA20C282-9488-483B-A514-11C1FA1F7412}.Debug|Any CPU.ActiveCfg = Debug|Any CPU
		{CA20C282-9488-483B-A514-11C1FA1F7412}.Debug|Any CPU.Build.0 = Debug|Any CPU
		{CA20C282-9488-483B-A514-11C1FA1F7412}.Release|Any CPU.ActiveCfg = Release|Any CPU
		{CA20C282-9488-483B-A514-11C1FA1F7412}.Release|Any CPU.Build.0 = Release|Any CPU
	EndGlobalSection
	GlobalSection(SolutionProperties) = preSolution
		HideSolutionNode = FALSE
	EndGlobalSection
	GlobalSection(NestedProjects) = preSolution
		{CD2199DC-2AB9-41FA-A51C-6677A133EE61} = {7AF3AF94-1923-4614-AF82-167E25009082}
		{6700043F-300F-41AC-8E7E-F135A2AB487A} = {D08B6BAA-7699-4BCC-A5C3-66614C58192D}
		{1ED86B99-8A28-48A2-AF41-C777537A49FB} = {D08B6BAA-7699-4BCC-A5C3-66614C58192D}
		{92DCABC7-E32F-4AF4-B8BE-DC0EC93B8274} = {D08B6BAA-7699-4BCC-A5C3-66614C58192D}
		{CA20C282-9488-483B-A514-11C1FA1F7412} = {785E99ED-EBE5-4994-94BE-FE17D0441D08}
	EndGlobalSection
	GlobalSection(ExtensibilityGlobals) = postSolution
		SolutionGuid = {0CA46BAC-20DE-4D8C-870C-01423564D91E}
	EndGlobalSection
EndGlobal
